<?xml version="1.0" encoding="utf-8"?>
<Project ToolsVersion="4.0" xmlns="http://schemas.microsoft.com/developer/msbuild/2003">
  <ItemGroup>
    <Filter Include="Source Files">
      <UniqueIdentifier>{4FC737F1-C7A5-4376-A066-2A32D752A2FF}</UniqueIdentifier>
      <Extensions>cpp;c;cc;cxx;def;odl;idl;hpj;bat;asm;asmx</Extensions>
    </Filter>
    <Filter Include="Header Files">
      <UniqueIdentifier>{93995380-89BD-4b04-88EB-625FBE52EBFB}</UniqueIdentifier>
      <Extensions>h;hh;hpp;hxx;hm;inl;inc;ipp;xsd</Extensions>
    </Filter>
    <Filter Include="Resource Files">
      <UniqueIdentifier>{67DA6AB6-F800-4c08-8B7A-83BB121AAD01}</UniqueIdentifier>
      <Extensions>rc;ico;cur;bmp;dlg;rc2;rct;bin;rgs;gif;jpg;jpeg;jpe;resx;tiff;tif;png;wav;mfcribbon-ms</Extensions>
    </Filter>
    <Filter Include="Shaders">
      <UniqueIdentifier>{bd2386e7-b2eb-4c1f-829b-edc3bb88f528}</UniqueIdentifier>
    </Filter>
  </ItemGroup>
  <ItemGroup>
    <ClInclude Include="jack\control.h">
      <Filter>Header Files</Filter>
    </ClInclude>
    <ClInclude Include="jack\intclient.h">
      <Filter>Header Files</Filter>
    </ClInclude>
    <ClInclude Include="jack\jack.h">
      <Filter>Header Files</Filter>
    </ClInclude>
    <ClInclude Include="jack\jslist.h">
      <Filter>Header Files</Filter>
    </ClInclude>
    <ClInclude Include="jack\midiport.h">
      <Filter>Header Files</Filter>
    </ClInclude>
    <ClInclude Include="jack\ringbuffer.h">
      <Filter>Header Files</Filter>
    </ClInclude>
    <ClInclude Include="jack\session.h">
      <Filter>Header Files</Filter>
    </ClInclude>
    <ClInclude Include="jack\statistics.h">
      <Filter>Header Files</Filter>
    </ClInclude>
    <ClInclude Include="jack\systemdeps.h">
      <Filter>Header Files</Filter>
    </ClInclude>
    <ClInclude Include="jack\thread.h">
      <Filter>Header Files</Filter>
    </ClInclude>
    <ClInclude Include="jack\transport.h">
      <Filter>Header Files</Filter>
    </ClInclude>
    <ClInclude Include="jack\types.h">
      <Filter>Header Files</Filter>
    </ClInclude>
    <ClInclude Include="jack\weakjack.h">
      <Filter>Header Files</Filter>
    </ClInclude>
    <ClInclude Include="jack\weakmacros.h">
      <Filter>Header Files</Filter>
    </ClInclude>
    <ClInclude Include="includes\bonespraygraphics.h">
      <Filter>Header Files</Filter>
    </ClInclude>
    <ClInclude Include="includes\jackinterface.h">
      <Filter>Header Files</Filter>
    </ClInclude>
    <ClInclude Include="includes\sload.h">
      <Filter>Header Files</Filter>
    </ClInclude>
    <ClInclude Include="includes\stdafx.h">
      <Filter>Header Files</Filter>
    </ClInclude>
    <ClInclude Include="includes\targetver.h">
      <Filter>Header Files</Filter>
    </ClInclude>
    <ClInclude Include="bonegl_render_model.h">
      <Filter>Header Files</Filter>
    </ClInclude>
    <ClInclude Include="includes\bonegl_models.h">
      <Filter>Header Files</Filter>
    </ClInclude>
  </ItemGroup>
  <ItemGroup>
    <None Include="packages.config" />
    <None Include="shaders\Fragment_Shader.glsl">
      <Filter>Shaders</Filter>
    </None>
    <None Include="shaders\Vertex_Shader.glsl">
      <Filter>Shaders</Filter>
    </None>
  </ItemGroup>
  <ItemGroup>
    <ClCompile Include="src\BoneSpray.cpp">
      <Filter>Source Files</Filter>
    </ClCompile>
    <ClCompile Include="src\bonespraygraphics.cpp">
      <Filter>Source Files</Filter>
    </ClCompile>
    <ClCompile Include="src\jackinterface.cpp">
      <Filter>Source Files</Filter>
    </ClCompile>
    <ClCompile Include="src\sload.cpp">
      <Filter>Source Files</Filter>
    </ClCompile>
    <ClCompile Include="src\stdafx.cpp">
      <Filter>Source Files</Filter>
    </ClCompile>
    <ClCompile Include="bonegl_render_model.cpp">
      <Filter>Source Files</Filter>
    </ClCompile>
  </ItemGroup>
</Project>